
Microsoft Visual Studio Solution File, Format Version 12.00
# Visual Studio 15
VisualStudioVersion = 15.0.27004.2006
MinimumVisualStudioVersion = 10.0.40219.1
Project("{FAE04EC0-301F-11D3-BF4B-00C04F79EFBC}") = "DemoCallAPI", "DemoCallAPI\DemoCallAPI.csproj", "{0130EC75-9D12-4B44-9D7A-4689B777FCA2}"
EndProject
Project("{FAE04EC0-301F-11D3-BF4B-00C04F79EFBC}") = "DemoCallApi.Test", "DemoCallApi.Test\DemoCallApi.Test.csproj", "{9A034E95-C290-46CC-BB44-115C65AA54A1}"
EndProject
Global
	GlobalSection(SolutionConfigurationPlatforms) = preSolution
		Debug|Any CPU = Debug|Any CPU
		Release|Any CPU = Release|Any CPU
	EndGlobalSection
	GlobalSection(ProjectConfigurationPlatforms) = postSolution
		{0130EC75-9D12-4B44-9D7A-4689B777FCA2}.Debug|Any CPU.ActiveCfg = Debug|Any CPU
		{0130EC75-9D12-4B44-9D7A-4689B777FCA2}.Debug|Any CPU.Build.0 = Debug|Any CPU
		{0130EC75-9D12-4B44-9D7A-4689B777FCA2}.Release|Any CPU.ActiveCfg = Release|Any CPU
		{0130EC75-9D12-4B44-9D7A-4689B777FCA2}.Release|Any CPU.Build.0 = Release|Any CPU
		{9A034E95-C290-46CC-BB44-115C65AA54A1}.Debug|Any CPU.ActiveCfg = Debug|Any CPU
		{9A034E95-C290-46CC-BB44-115C65AA54A1}.Debug|Any CPU.Build.0 = Debug|Any CPU
		{9A034E95-C290-46CC-BB44-115C65AA54A1}.Release|Any CPU.ActiveCfg = Release|Any CPU
		{9A034E95-C290-46CC-BB44-115C65AA54A1}.Release|Any CPU.Build.0 = Release|Any CPU
	EndGlobalSection
	GlobalSection(SolutionProperties) = preSolution
		HideSolutionNode = FALSE
	EndGlobalSection
	GlobalSection(ExtensibilityGlobals) = postSolution
		SolutionGuid = {96A0A2A5-B742-4F6C-8E1B-542E338D3057}
	EndGlobalSection
EndGlobal
